
Microsoft Visual Studio Solution File, Format Version 12.00
# Visual Studio 15
VisualStudioVersion = 15.0.28010.2019
MinimumVisualStudioVersion = 10.0.40219.1
Project("{FAE04EC0-301F-11D3-BF4B-00C04F79EFBC}") = "PricingApi", "PricingApi\PricingApi.csproj", "{C2EE90D1-F6C4-4C7A-A1D0-8F8FF34E54DC}"
EndProject
Global
	GlobalSection(SolutionConfigurationPlatforms) = preSolution
		Debug|Any CPU = Debug|Any CPU
		Release|Any CPU = Release|Any CPU
	EndGlobalSection
	GlobalSection(ProjectConfigurationPlatforms) = postSolution
		{C2EE90D1-F6C4-4C7A-A1D0-8F8FF34E54DC}.Debug|Any CPU.ActiveCfg = Debug|Any CPU
		{C2EE90D1-F6C4-4C7A-A1D0-8F8FF34E54DC}.Debug|Any CPU.Build.0 = Debug|Any CPU
		{C2EE90D1-F6C4-4C7A-A1D0-8F8FF34E54DC}.Release|Any CPU.ActiveCfg = Release|Any CPU
		{C2EE90D1-F6C4-4C7A-A1D0-8F8FF34E54DC}.Release|Any CPU.Build.0 = Release|Any CPU
	EndGlobalSection
	GlobalSection(SolutionProperties) = preSolution
		HideSolutionNode = FALSE
	EndGlobalSection
	GlobalSection(ExtensibilityGlobals) = postSolution
		SolutionGuid = {B82EE84D-59A0-400C-8250-84620A93AD1F}
	EndGlobalSection
EndGlobal
